
Microsoft Visual Studio Solution File, Format Version 12.00
# Visual Studio Version 17
VisualStudioVersion = 17.5.33627.172
MinimumVisualStudioVersion = 10.0.40219.1
Project("{FAE04EC0-301F-11D3-BF4B-00C04F79EFBC}") = "ecommerce", "ecommerce.csproj", "{E1ECB7F1-AC5F-4698-A524-100FED68CFBB}"
EndProject
Global
	GlobalSection(SolutionConfigurationPlatforms) = preSolution
		Debug|Any CPU = Debug|Any CPU
		Release|Any CPU = Release|Any CPU
	EndGlobalSection
	GlobalSection(ProjectConfigurationPlatforms) = postSolution
		{E1ECB7F1-AC5F-4698-A524-100FED68CFBB}.Debug|Any CPU.ActiveCfg = Debug|Any CPU
		{E1ECB7F1-AC5F-4698-A524-100FED68CFBB}.Debug|Any CPU.Build.0 = Debug|Any CPU
		{E1ECB7F1-AC5F-4698-A524-100FED68CFBB}.Release|Any CPU.ActiveCfg = Release|Any CPU
		{E1ECB7F1-AC5F-4698-A524-100FED68CFBB}.Release|Any CPU.Build.0 = Release|Any CPU
	EndGlobalSection
	GlobalSection(SolutionProperties) = preSolution
		HideSolutionNode = FALSE
	EndGlobalSection
	GlobalSection(ExtensibilityGlobals) = postSolution
		SolutionGuid = {1B5C5E81-9CD3-42CF-B435-5FB0AC8A08C5}
	EndGlobalSection
EndGlobal
